
Microsoft Visual Studio Solution File, Format Version 12.00
# Visual Studio Version 16
VisualStudioVersion = 16.0.31205.134
MinimumVisualStudioVersion = 10.0.40219.1
Project("{9A19103F-16F7-4668-BE54-9A1E7A4F7556}") = "Task2.4", "Task2.4\Task2.4.csproj", "{5C9C846E-B258-4819-8587-7EB58A3A31A3}"
EndProject
Project("{9A19103F-16F7-4668-BE54-9A1E7A4F7556}") = "Task3.2", "Task3.2\Task3.2.csproj", "{D4E9516F-B16A-47F7-9753-28221566A1FE}"
EndProject
Project("{9A19103F-16F7-4668-BE54-9A1E7A4F7556}") = "Task3.4", "Task3.4\Task3.4.csproj", "{9802211E-BC93-4CE3-8C0A-5AF11AA03329}"
EndProject
Project("{9A19103F-16F7-4668-BE54-9A1E7A4F7556}") = "Task4.2", "Task4.2\Task4.2.csproj", "{8A008BD5-20CB-409E-8D35-A8C49C370D3B}"
EndProject
Project("{9A19103F-16F7-4668-BE54-9A1E7A4F7556}") = "Task4.3", "Task4.3\Task4.3.csproj", "{EB29BDC8-B053-4E7E-A204-EC0DA04F9512}"
EndProject
Project("{9A19103F-16F7-4668-BE54-9A1E7A4F7556}") = "Task5.2", "Task5.2\Task5.2.csproj", "{7274671C-C3E2-4113-9D23-DDDF4A023D82}"
EndProject
Project("{9A19103F-16F7-4668-BE54-9A1E7A4F7556}") = "Task6.4", "Task6.4\Task6.4.csproj", "{5B60F568-8E88-4271-AD90-23131E309CCA}"
EndProject
Project("{9A19103F-16F7-4668-BE54-9A1E7A4F7556}") = "Task10.2", "Task10.2\Task10.2.csproj", "{67093F1C-35F1-46C6-BA5F-2722C20B762B}"
EndProject
Project("{9A19103F-16F7-4668-BE54-9A1E7A4F7556}") = "Task11.2", "Task11.2\Task11.2.csproj", "{84FD11F0-64A7-426A-9738-AB46BDBB6FDA}"
EndProject
Project("{9A19103F-16F7-4668-BE54-9A1E7A4F7556}") = "Task9.2", "Task9.2\Task9.2.csproj", "{BAF3D04E-0188-41D3-A155-C1440A1BABE7}"
EndProject
Project("{9A19103F-16F7-4668-BE54-9A1E7A4F7556}") = "Task13.1", "Task13.1\Task13.1.csproj", "{692FB12F-1770-4B58-895E-6739A2C25218}"
EndProject
Project("{FAE04EC0-301F-11D3-BF4B-00C04F79EFBC}") = "Task14.3", "Task14.3\Task14.3.csproj", "{642AD796-4507-41C8-81DA-274231E7CC87}"
EndProject
Project("{FAE04EC0-301F-11D3-BF4B-00C04F79EFBC}") = "Task16.2", "Task16.2\Task16.2.csproj", "{2F5A69F0-0DBB-4795-85D8-62E63696F15C}"
EndProject
Global
	GlobalSection(SolutionConfigurationPlatforms) = preSolution
		Debug|Any CPU = Debug|Any CPU
		Release|Any CPU = Release|Any CPU
	EndGlobalSection
	GlobalSection(ProjectConfigurationPlatforms) = postSolution
		{5C9C846E-B258-4819-8587-7EB58A3A31A3}.Debug|Any CPU.ActiveCfg = Debug|Any CPU
		{5C9C846E-B258-4819-8587-7EB58A3A31A3}.Debug|Any CPU.Build.0 = Debug|Any CPU
		{5C9C846E-B258-4819-8587-7EB58A3A31A3}.Release|Any CPU.ActiveCfg = Release|Any CPU
		{5C9C846E-B258-4819-8587-7EB58A3A31A3}.Release|Any CPU.Build.0 = Release|Any CPU
		{D4E9516F-B16A-47F7-9753-28221566A1FE}.Debug|Any CPU.ActiveCfg = Debug|Any CPU
		{D4E9516F-B16A-47F7-9753-28221566A1FE}.Debug|Any CPU.Build.0 = Debug|Any CPU
		{D4E9516F-B16A-47F7-9753-28221566A1FE}.Release|Any CPU.ActiveCfg = Release|Any CPU
		{D4E9516F-B16A-47F7-9753-28221566A1FE}.Release|Any CPU.Build.0 = Release|Any CPU
		{9802211E-BC93-4CE3-8C0A-5AF11AA03329}.Debug|Any CPU.ActiveCfg = Debug|Any CPU
		{9802211E-BC93-4CE3-8C0A-5AF11AA03329}.Debug|Any CPU.Build.0 = Debug|Any CPU
		{9802211E-BC93-4CE3-8C0A-5AF11AA03329}.Release|Any CPU.ActiveCfg = Release|Any CPU
		{9802211E-BC93-4CE3-8C0A-5AF11AA03329}.Release|Any CPU.Build.0 = Release|Any CPU
		{8A008BD5-20CB-409E-8D35-A8C49C370D3B}.Debug|Any CPU.ActiveCfg = Debug|Any CPU
		{8A008BD5-20CB-409E-8D35-A8C49C370D3B}.Debug|Any CPU.Build.0 = Debug|Any CPU
		{8A008BD5-20CB-409E-8D35-A8C49C370D3B}.Release|Any CPU.ActiveCfg = Release|Any CPU
		{8A008BD5-20CB-409E-8D35-A8C49C370D3B}.Release|Any CPU.Build.0 = Release|Any CPU
		{EB29BDC8-B053-4E7E-A204-EC0DA04F9512}.Debug|Any CPU.ActiveCfg = Debug|Any CPU
		{EB29BDC8-B053-4E7E-A204-EC0DA04F9512}.Debug|Any CPU.Build.0 = Debug|Any CPU
		{EB29BDC8-B053-4E7E-A204-EC0DA04F9512}.Release|Any CPU.ActiveCfg = Release|Any CPU
		{EB29BDC8-B053-4E7E-A204-EC0DA04F9512}.Release|Any CPU.Build.0 = Release|Any CPU
		{7274671C-C3E2-4113-9D23-DDDF4A023D82}.Debug|Any CPU.ActiveCfg = Debug|Any CPU
		{7274671C-C3E2-4113-9D23-DDDF4A023D82}.Debug|Any CPU.Build.0 = Debug|Any CPU
		{7274671C-C3E2-4113-9D23-DDDF4A023D82}.Release|Any CPU.ActiveCfg = Release|Any CPU
		{7274671C-C3E2-4113-9D23-DDDF4A023D82}.Release|Any CPU.Build.0 = Release|Any CPU
		{5B60F568-8E88-4271-AD90-23131E309CCA}.Debug|Any CPU.ActiveCfg = Debug|Any CPU
		{5B60F568-8E88-4271-AD90-23131E309CCA}.Debug|Any CPU.Build.0 = Debug|Any CPU
		{5B60F568-8E88-4271-AD90-23131E309CCA}.Release|Any CPU.ActiveCfg = Release|Any CPU
		{5B60F568-8E88-4271-AD90-23131E309CCA}.Release|Any CPU.Build.0 = Release|Any CPU
		{67093F1C-35F1-46C6-BA5F-2722C20B762B}.Debug|Any CPU.ActiveCfg = Debug|Any CPU
		{67093F1C-35F1-46C6-BA5F-2722C20B762B}.Debug|Any CPU.Build.0 = Debug|Any CPU
		{67093F1C-35F1-46C6-BA5F-2722C20B762B}.Release|Any CPU.ActiveCfg = Release|Any CPU
		{67093F1C-35F1-46C6-BA5F-2722C20B762B}.Release|Any CPU.Build.0 = Release|Any CPU
		{84FD11F0-64A7-426A-9738-AB46BDBB6FDA}.Debug|Any CPU.ActiveCfg = Debug|Any CPU
		{84FD11F0-64A7-426A-9738-AB46BDBB6FDA}.Debug|Any CPU.Build.0 = Debug|Any CPU
		{84FD11F0-64A7-426A-9738-AB46BDBB6FDA}.Release|Any CPU.ActiveCfg = Release|Any CPU
		{84FD11F0-64A7-426A-9738-AB46BDBB6FDA}.Release|Any CPU.Build.0 = Release|Any CPU
		{BAF3D04E-0188-41D3-A155-C1440A1BABE7}.Debug|Any CPU.ActiveCfg = Debug|Any CPU
		{BAF3D04E-0188-41D3-A155-C1440A1BABE7}.Debug|Any CPU.Build.0 = Debug|Any CPU
		{BAF3D04E-0188-41D3-A155-C1440A1BABE7}.Release|Any CPU.ActiveCfg = Release|Any CPU
		{BAF3D04E-0188-41D3-A155-C1440A1BABE7}.Release|Any CPU.Build.0 = Release|Any CPU
		{692FB12F-1770-4B58-895E-6739A2C25218}.Debug|Any CPU.ActiveCfg = Debug|Any CPU
		{692FB12F-1770-4B58-895E-6739A2C25218}.Debug|Any CPU.Build.0 = Debug|Any CPU
		{692FB12F-1770-4B58-895E-6739A2C25218}.Release|Any CPU.ActiveCfg = Release|Any CPU
		{692FB12F-1770-4B58-895E-6739A2C25218}.Release|Any CPU.Build.0 = Release|Any CPU
		{642AD796-4507-41C8-81DA-274231E7CC87}.Debug|Any CPU.ActiveCfg = Debug|Any CPU
		{642AD796-4507-41C8-81DA-274231E7CC87}.Debug|Any CPU.Build.0 = Debug|Any CPU
		{642AD796-4507-41C8-81DA-274231E7CC87}.Release|Any CPU.ActiveCfg = Release|Any CPU
		{642AD796-4507-41C8-81DA-274231E7CC87}.Release|Any CPU.Build.0 = Release|Any CPU
		{2F5A69F0-0DBB-4795-85D8-62E63696F15C}.Debug|Any CPU.ActiveCfg = Debug|Any CPU
		{2F5A69F0-0DBB-4795-85D8-62E63696F15C}.Debug|Any CPU.Build.0 = Debug|Any CPU
		{2F5A69F0-0DBB-4795-85D8-62E63696F15C}.Release|Any CPU.ActiveCfg = Release|Any CPU
		{2F5A69F0-0DBB-4795-85D8-62E63696F15C}.Release|Any CPU.Build.0 = Release|Any CPU
	EndGlobalSection
	GlobalSection(SolutionProperties) = preSolution
		HideSolutionNode = FALSE
	EndGlobalSection
	GlobalSection(ExtensibilityGlobals) = postSolution
		SolutionGuid = {9C9E90C0-6859-41EB-9A09-7D4C10599BCD}
	EndGlobalSection
EndGlobal
